
Microsoft Visual Studio Solution File, Format Version 12.00
# Visual Studio Version 17
VisualStudioVersion = 17.11.35208.52
MinimumVisualStudioVersion = 10.0.40219.1
Project("{FAE04EC0-301F-11D3-BF4B-00C04F79EFBC}") = "ConsimpleDemo", "ConsimpleDemo.csproj", "{CAB0B04A-7B68-4F56-B2DB-57DECD033258}"
EndProject
Global
	GlobalSection(SolutionConfigurationPlatforms) = preSolution
		Debug|Any CPU = Debug|Any CPU
		Release|Any CPU = Release|Any CPU
	EndGlobalSection
	GlobalSection(ProjectConfigurationPlatforms) = postSolution
		{CAB0B04A-7B68-4F56-B2DB-57DECD033258}.Debug|Any CPU.ActiveCfg = Debug|Any CPU
		{CAB0B04A-7B68-4F56-B2DB-57DECD033258}.Debug|Any CPU.Build.0 = Debug|Any CPU
		{CAB0B04A-7B68-4F56-B2DB-57DECD033258}.Release|Any CPU.ActiveCfg = Release|Any CPU
		{CAB0B04A-7B68-4F56-B2DB-57DECD033258}.Release|Any CPU.Build.0 = Release|Any CPU
	EndGlobalSection
	GlobalSection(SolutionProperties) = preSolution
		HideSolutionNode = FALSE
	EndGlobalSection
	GlobalSection(ExtensibilityGlobals) = postSolution
		SolutionGuid = {733B0323-FC32-4AF9-A21A-5390C9E5CF21}
	EndGlobalSection
EndGlobal
